
Microsoft Visual Studio Solution File, Format Version 12.00
# Visual Studio 15
VisualStudioVersion = 15.0.27703.2026
MinimumVisualStudioVersion = 10.0.40219.1
Project("{FAE04EC0-301F-11D3-BF4B-00C04F79EFBC}") = "test_another", "test_another\test_another.csproj", "{5FEF2E77-6B97-4323-A893-53AA5A604CA8}"
EndProject
Global
	GlobalSection(SolutionConfigurationPlatforms) = preSolution
		Debug|Any CPU = Debug|Any CPU
		Release|Any CPU = Release|Any CPU
	EndGlobalSection
	GlobalSection(ProjectConfigurationPlatforms) = postSolution
		{5FEF2E77-6B97-4323-A893-53AA5A604CA8}.Debug|Any CPU.ActiveCfg = Debug|Any CPU
		{5FEF2E77-6B97-4323-A893-53AA5A604CA8}.Debug|Any CPU.Build.0 = Debug|Any CPU
		{5FEF2E77-6B97-4323-A893-53AA5A604CA8}.Release|Any CPU.ActiveCfg = Release|Any CPU
		{5FEF2E77-6B97-4323-A893-53AA5A604CA8}.Release|Any CPU.Build.0 = Release|Any CPU
	EndGlobalSection
	GlobalSection(SolutionProperties) = preSolution
		HideSolutionNode = FALSE
	EndGlobalSection
	GlobalSection(ExtensibilityGlobals) = postSolution
		SolutionGuid = {75729AF2-59E8-4849-8522-82674E9AC7FE}
	EndGlobalSection
EndGlobal
